
Microsoft Visual Studio Solution File, Format Version 12.00
# Visual Studio Version 16
VisualStudioVersion = 16.0.29406.15
MinimumVisualStudioVersion = 10.0.40219.1
Project("{9A19103F-16F7-4668-BE54-9A1E7A4F7556}") = "HttpBench", "HttpBench\HttpBench.csproj", "{D52A9315-85C3-47A6-BB76-266EF7042A16}"
EndProject
Global
	GlobalSection(SolutionConfigurationPlatforms) = preSolution
		Debug|Any CPU = Debug|Any CPU
		Release|Any CPU = Release|Any CPU
	EndGlobalSection
	GlobalSection(ProjectConfigurationPlatforms) = postSolution
		{D52A9315-85C3-47A6-BB76-266EF7042A16}.Debug|Any CPU.ActiveCfg = Debug|Any CPU
		{D52A9315-85C3-47A6-BB76-266EF7042A16}.Debug|Any CPU.Build.0 = Debug|Any CPU
		{D52A9315-85C3-47A6-BB76-266EF7042A16}.Release|Any CPU.ActiveCfg = Release|Any CPU
		{D52A9315-85C3-47A6-BB76-266EF7042A16}.Release|Any CPU.Build.0 = Release|Any CPU
	EndGlobalSection
	GlobalSection(SolutionProperties) = preSolution
		HideSolutionNode = FALSE
	EndGlobalSection
	GlobalSection(ExtensibilityGlobals) = postSolution
		SolutionGuid = {785D4514-4F1F-4756-9D99-B59A656835BD}
	EndGlobalSection
EndGlobal
